
Microsoft Visual Studio Solution File, Format Version 12.00
# Visual Studio Version 17
VisualStudioVersion = 17.3.32819.101
MinimumVisualStudioVersion = 10.0.40219.1
Project("{FAE04EC0-301F-11D3-BF4B-00C04F79EFBC}") = "ProjDapper_OngAnimal", "ProjDapper_OngAnimal\ProjDapper_OngAnimal.csproj", "{56CBF2F7-F2AA-4C2C-856C-3C5405D30089}"
EndProject
Project("{2150E333-8FDC-42A3-9474-1A3956D46DE8}") = "Models", "Models", "{FFC2E8FC-D89C-4A6C-998C-5658F6AB0E4A}"
EndProject
Project("{FAE04EC0-301F-11D3-BF4B-00C04F79EFBC}") = "PessoaModel", "PessoaModel\PessoaModel.csproj", "{009E1C17-0D43-4AFC-B9B9-62EE1766D89B}"
EndProject
Project("{FAE04EC0-301F-11D3-BF4B-00C04F79EFBC}") = "AnimalModel", "AnimalModel\AnimalModel.csproj", "{E3F896B4-BD8F-48F6-9258-38D792ACFC9C}"
EndProject
Project("{FAE04EC0-301F-11D3-BF4B-00C04F79EFBC}") = "AdocaoModel", "AdocaoModel\AdocaoModel.csproj", "{7CB20C69-5117-45A5-BB0A-7D0BF81F3C74}"
EndProject
Project("{2150E333-8FDC-42A3-9474-1A3956D46DE8}") = "Repository", "Repository", "{81E0AD71-1424-4CE2-AE84-017D10E76092}"
EndProject
Project("{2150E333-8FDC-42A3-9474-1A3956D46DE8}") = "Controllers", "Controllers", "{6DD3188F-1FBD-4190-9666-331FD3A4651B}"
EndProject
Project("{2150E333-8FDC-42A3-9474-1A3956D46DE8}") = "Services", "Services", "{5432A38C-93DE-4C3F-9D12-A643472FEE2F}"
EndProject
Project("{2150E333-8FDC-42A3-9474-1A3956D46DE8}") = "Configuration", "Configuration", "{DA4EDDB0-5EEF-4B01-B787-22D222BEF52D}"
EndProject
Project("{FAE04EC0-301F-11D3-BF4B-00C04F79EFBC}") = "Repository", "Repository\Repository.csproj", "{F7597468-2DD7-4EAC-A788-A0C314876E34}"
EndProject
Project("{FAE04EC0-301F-11D3-BF4B-00C04F79EFBC}") = "ControllerPessoa", "ControllerPessoa\ControllerPessoa.csproj", "{ABF21972-F569-4B71-8D86-7A67F624D082}"
EndProject
Project("{FAE04EC0-301F-11D3-BF4B-00C04F79EFBC}") = "ControllerAnimal", "ControllerAnimal\ControllerAnimal.csproj", "{AD8DE82E-2ECA-405E-BFBE-F0C70C824742}"
EndProject
Project("{FAE04EC0-301F-11D3-BF4B-00C04F79EFBC}") = "ControllerAdocao", "ControllerAdocao\ControllerAdocao.csproj", "{E39E0CC2-33B2-4C14-BF7E-7D590F82ABCA}"
EndProject
Project("{FAE04EC0-301F-11D3-BF4B-00C04F79EFBC}") = "ConfigDataBase", "ConfigDataBase\ConfigDataBase.csproj", "{7E1FD872-32D7-4498-897E-22A44E1BC32F}"
EndProject
Project("{2150E333-8FDC-42A3-9474-1A3956D46DE8}") = "Views", "Views", "{0C8EBEAD-DD5A-4C16-A13E-F13021177AD5}"
EndProject
Project("{FAE04EC0-301F-11D3-BF4B-00C04F79EFBC}") = "Services", "Services\Services.csproj", "{A3CDD87A-C703-40AF-BBA3-281F0674115E}"
EndProject
Project("{FAE04EC0-301F-11D3-BF4B-00C04F79EFBC}") = "ControllerUtil", "ControllerUtil\ControllerUtil.csproj", "{5F0F8946-ECA4-4662-BE81-38181AB9FF89}"
EndProject
Project("{FAE04EC0-301F-11D3-BF4B-00C04F79EFBC}") = "Views", "Views\Views.csproj", "{0993857D-56CE-4EB0-A7D3-15394F25D8E7}"
EndProject
Global
	GlobalSection(SolutionConfigurationPlatforms) = preSolution
		Debug|Any CPU = Debug|Any CPU
		Release|Any CPU = Release|Any CPU
	EndGlobalSection
	GlobalSection(ProjectConfigurationPlatforms) = postSolution
		{56CBF2F7-F2AA-4C2C-856C-3C5405D30089}.Debug|Any CPU.ActiveCfg = Debug|Any CPU
		{56CBF2F7-F2AA-4C2C-856C-3C5405D30089}.Debug|Any CPU.Build.0 = Debug|Any CPU
		{56CBF2F7-F2AA-4C2C-856C-3C5405D30089}.Release|Any CPU.ActiveCfg = Release|Any CPU
		{56CBF2F7-F2AA-4C2C-856C-3C5405D30089}.Release|Any CPU.Build.0 = Release|Any CPU
		{009E1C17-0D43-4AFC-B9B9-62EE1766D89B}.Debug|Any CPU.ActiveCfg = Debug|Any CPU
		{009E1C17-0D43-4AFC-B9B9-62EE1766D89B}.Debug|Any CPU.Build.0 = Debug|Any CPU
		{009E1C17-0D43-4AFC-B9B9-62EE1766D89B}.Release|Any CPU.ActiveCfg = Release|Any CPU
		{009E1C17-0D43-4AFC-B9B9-62EE1766D89B}.Release|Any CPU.Build.0 = Release|Any CPU
		{E3F896B4-BD8F-48F6-9258-38D792ACFC9C}.Debug|Any CPU.ActiveCfg = Debug|Any CPU
		{E3F896B4-BD8F-48F6-9258-38D792ACFC9C}.Debug|Any CPU.Build.0 = Debug|Any CPU
		{E3F896B4-BD8F-48F6-9258-38D792ACFC9C}.Release|Any CPU.ActiveCfg = Release|Any CPU
		{E3F896B4-BD8F-48F6-9258-38D792ACFC9C}.Release|Any CPU.Build.0 = Release|Any CPU
		{7CB20C69-5117-45A5-BB0A-7D0BF81F3C74}.Debug|Any CPU.ActiveCfg = Debug|Any CPU
		{7CB20C69-5117-45A5-BB0A-7D0BF81F3C74}.Debug|Any CPU.Build.0 = Debug|Any CPU
		{7CB20C69-5117-45A5-BB0A-7D0BF81F3C74}.Release|Any CPU.ActiveCfg = Release|Any CPU
		{7CB20C69-5117-45A5-BB0A-7D0BF81F3C74}.Release|Any CPU.Build.0 = Release|Any CPU
		{F7597468-2DD7-4EAC-A788-A0C314876E34}.Debug|Any CPU.ActiveCfg = Debug|Any CPU
		{F7597468-2DD7-4EAC-A788-A0C314876E34}.Debug|Any CPU.Build.0 = Debug|Any CPU
		{F7597468-2DD7-4EAC-A788-A0C314876E34}.Release|Any CPU.ActiveCfg = Release|Any CPU
		{F7597468-2DD7-4EAC-A788-A0C314876E34}.Release|Any CPU.Build.0 = Release|Any CPU
		{ABF21972-F569-4B71-8D86-7A67F624D082}.Debug|Any CPU.ActiveCfg = Debug|Any CPU
		{ABF21972-F569-4B71-8D86-7A67F624D082}.Debug|Any CPU.Build.0 = Debug|Any CPU
		{ABF21972-F569-4B71-8D86-7A67F624D082}.Release|Any CPU.ActiveCfg = Release|Any CPU
		{ABF21972-F569-4B71-8D86-7A67F624D082}.Release|Any CPU.Build.0 = Release|Any CPU
		{AD8DE82E-2ECA-405E-BFBE-F0C70C824742}.Debug|Any CPU.ActiveCfg = Debug|Any CPU
		{AD8DE82E-2ECA-405E-BFBE-F0C70C824742}.Debug|Any CPU.Build.0 = Debug|Any CPU
		{AD8DE82E-2ECA-405E-BFBE-F0C70C824742}.Release|Any CPU.ActiveCfg = Release|Any CPU
		{AD8DE82E-2ECA-405E-BFBE-F0C70C824742}.Release|Any CPU.Build.0 = Release|Any CPU
		{E39E0CC2-33B2-4C14-BF7E-7D590F82ABCA}.Debug|Any CPU.ActiveCfg = Debug|Any CPU
		{E39E0CC2-33B2-4C14-BF7E-7D590F82ABCA}.Debug|Any CPU.Build.0 = Debug|Any CPU
		{E39E0CC2-33B2-4C14-BF7E-7D590F82ABCA}.Release|Any CPU.ActiveCfg = Release|Any CPU
		{E39E0CC2-33B2-4C14-BF7E-7D590F82ABCA}.Release|Any CPU.Build.0 = Release|Any CPU
		{7E1FD872-32D7-4498-897E-22A44E1BC32F}.Debug|Any CPU.ActiveCfg = Debug|Any CPU
		{7E1FD872-32D7-4498-897E-22A44E1BC32F}.Debug|Any CPU.Build.0 = Debug|Any CPU
		{7E1FD872-32D7-4498-897E-22A44E1BC32F}.Release|Any CPU.ActiveCfg = Release|Any CPU
		{7E1FD872-32D7-4498-897E-22A44E1BC32F}.Release|Any CPU.Build.0 = Release|Any CPU
		{A3CDD87A-C703-40AF-BBA3-281F0674115E}.Debug|Any CPU.ActiveCfg = Debug|Any CPU
		{A3CDD87A-C703-40AF-BBA3-281F0674115E}.Debug|Any CPU.Build.0 = Debug|Any CPU
		{A3CDD87A-C703-40AF-BBA3-281F0674115E}.Release|Any CPU.ActiveCfg = Release|Any CPU
		{A3CDD87A-C703-40AF-BBA3-281F0674115E}.Release|Any CPU.Build.0 = Release|Any CPU
		{5F0F8946-ECA4-4662-BE81-38181AB9FF89}.Debug|Any CPU.ActiveCfg = Debug|Any CPU
		{5F0F8946-ECA4-4662-BE81-38181AB9FF89}.Debug|Any CPU.Build.0 = Debug|Any CPU
		{5F0F8946-ECA4-4662-BE81-38181AB9FF89}.Release|Any CPU.ActiveCfg = Release|Any CPU
		{5F0F8946-ECA4-4662-BE81-38181AB9FF89}.Release|Any CPU.Build.0 = Release|Any CPU
		{0993857D-56CE-4EB0-A7D3-15394F25D8E7}.Debug|Any CPU.ActiveCfg = Debug|Any CPU
		{0993857D-56CE-4EB0-A7D3-15394F25D8E7}.Debug|Any CPU.Build.0 = Debug|Any CPU
		{0993857D-56CE-4EB0-A7D3-15394F25D8E7}.Release|Any CPU.ActiveCfg = Release|Any CPU
		{0993857D-56CE-4EB0-A7D3-15394F25D8E7}.Release|Any CPU.Build.0 = Release|Any CPU
	EndGlobalSection
	GlobalSection(SolutionProperties) = preSolution
		HideSolutionNode = FALSE
	EndGlobalSection
	GlobalSection(NestedProjects) = preSolution
		{009E1C17-0D43-4AFC-B9B9-62EE1766D89B} = {FFC2E8FC-D89C-4A6C-998C-5658F6AB0E4A}
		{E3F896B4-BD8F-48F6-9258-38D792ACFC9C} = {FFC2E8FC-D89C-4A6C-998C-5658F6AB0E4A}
		{7CB20C69-5117-45A5-BB0A-7D0BF81F3C74} = {FFC2E8FC-D89C-4A6C-998C-5658F6AB0E4A}
		{F7597468-2DD7-4EAC-A788-A0C314876E34} = {81E0AD71-1424-4CE2-AE84-017D10E76092}
		{ABF21972-F569-4B71-8D86-7A67F624D082} = {6DD3188F-1FBD-4190-9666-331FD3A4651B}
		{AD8DE82E-2ECA-405E-BFBE-F0C70C824742} = {6DD3188F-1FBD-4190-9666-331FD3A4651B}
		{E39E0CC2-33B2-4C14-BF7E-7D590F82ABCA} = {6DD3188F-1FBD-4190-9666-331FD3A4651B}
		{7E1FD872-32D7-4498-897E-22A44E1BC32F} = {DA4EDDB0-5EEF-4B01-B787-22D222BEF52D}
		{A3CDD87A-C703-40AF-BBA3-281F0674115E} = {5432A38C-93DE-4C3F-9D12-A643472FEE2F}
		{5F0F8946-ECA4-4662-BE81-38181AB9FF89} = {6DD3188F-1FBD-4190-9666-331FD3A4651B}
		{0993857D-56CE-4EB0-A7D3-15394F25D8E7} = {0C8EBEAD-DD5A-4C16-A13E-F13021177AD5}
	EndGlobalSection
	GlobalSection(ExtensibilityGlobals) = postSolution
		SolutionGuid = {A7C0F553-C4B5-4B8B-8B40-71F73F4CC2F4}
	EndGlobalSection
EndGlobal
